
Microsoft Visual Studio Solution File, Format Version 12.00
# Visual Studio Version 16
VisualStudioVersion = 16.0.28803.352
MinimumVisualStudioVersion = 10.0.40219.1
Project("{8BC9CEB8-8B4A-11D0-8D11-00A0C91BC942}") = "DmxLightShow", "DmxLightShow\DmxLightShow.vcxproj", "{961A5244-5F8F-4FAA-9AC7-749FF91E63AD}"
EndProject
Project("{2150E333-8FDC-42A3-9474-1A3956D46DE8}") = "Solution Items", "Solution Items", "{B5E88F30-D60F-4B0B-A06A-F2FA275E0AF7}"
	ProjectSection(SolutionItems) = preProject
		.gitignore = .gitignore
		Design.EAP = Design.EAP
		mestra.dmxlightshow\src\mestra\DmxLightShow.xtext = mestra.dmxlightshow\src\mestra\DmxLightShow.xtext
		Improvements.txt = Improvements.txt
		Tables.txt = Tables.txt
		..\runtime-EclipseXtext\Test.mestradmx\src\Test.mestradmx = ..\runtime-EclipseXtext\Test.mestradmx\src\Test.mestradmx
	EndProjectSection
EndProject
Global
	GlobalSection(SolutionConfigurationPlatforms) = preSolution
		Debug|x64 = Debug|x64
		Debug|x86 = Debug|x86
		Release|x64 = Release|x64
		Release|x86 = Release|x86
	EndGlobalSection
	GlobalSection(ProjectConfigurationPlatforms) = postSolution
		{961A5244-5F8F-4FAA-9AC7-749FF91E63AD}.Debug|x64.ActiveCfg = Debug|x64
		{961A5244-5F8F-4FAA-9AC7-749FF91E63AD}.Debug|x64.Build.0 = Debug|x64
		{961A5244-5F8F-4FAA-9AC7-749FF91E63AD}.Debug|x86.ActiveCfg = Debug|Win32
		{961A5244-5F8F-4FAA-9AC7-749FF91E63AD}.Debug|x86.Build.0 = Debug|Win32
		{961A5244-5F8F-4FAA-9AC7-749FF91E63AD}.Release|x64.ActiveCfg = Release|x64
		{961A5244-5F8F-4FAA-9AC7-749FF91E63AD}.Release|x64.Build.0 = Release|x64
		{961A5244-5F8F-4FAA-9AC7-749FF91E63AD}.Release|x86.ActiveCfg = Release|Win32
		{961A5244-5F8F-4FAA-9AC7-749FF91E63AD}.Release|x86.Build.0 = Release|Win32
	EndGlobalSection
	GlobalSection(SolutionProperties) = preSolution
		HideSolutionNode = FALSE
	EndGlobalSection
	GlobalSection(ExtensibilityGlobals) = postSolution
		SolutionGuid = {89AE22CE-2F15-4BA4-8BD1-805370E8FDFC}
	EndGlobalSection
EndGlobal
