<?xml version="1.0" encoding="utf-8"?>
<Project ToolsVersion="4.0" xmlns="http://schemas.microsoft.com/developer/msbuild/2003">
  <ItemGroup>
    <Filter Include="Source Files">
      <UniqueIdentifier>{4FC737F1-C7A5-4376-A066-2A32D752A2FF}</UniqueIdentifier>
      <Extensions>cpp;c;cc;cxx;def;odl;idl;hpj;bat;asm;asmx</Extensions>
    </Filter>
    <Filter Include="Header Files">
      <UniqueIdentifier>{93995380-89BD-4b04-88EB-625FBE52EBFB}</UniqueIdentifier>
      <Extensions>h;hh;hpp;hxx;hm;inl;inc;ipp;xsd</Extensions>
    </Filter>
    <Filter Include="Resource Files">
      <UniqueIdentifier>{67DA6AB6-F800-4c08-8B7A-83BB121AAD01}</UniqueIdentifier>
      <Extensions>rc;ico;cur;bmp;dlg;rc2;rct;bin;rgs;gif;jpg;jpeg;jpe;resx;tiff;tif;png;wav;mfcribbon-ms</Extensions>
    </Filter>
    <Filter Include="Header Files\Win32">
      <UniqueIdentifier>{f2080bd0-1fd3-482e-892b-e9942efa5f6b}</UniqueIdentifier>
    </Filter>
    <Filter Include="Source Files\WIN32">
      <UniqueIdentifier>{77a20e0b-1b63-4071-a06a-28b778c47894}</UniqueIdentifier>
    </Filter>
    <Filter Include="Header Files\Framework">
      <UniqueIdentifier>{4ac4b2ce-d106-4ca3-a73f-d37acd0ffb01}</UniqueIdentifier>
    </Filter>
    <Filter Include="Source Files\Utilities">
      <UniqueIdentifier>{712af8cf-b88f-49ad-9290-02ba9b591413}</UniqueIdentifier>
    </Filter>
    <Filter Include="Header Files\Utilities">
      <UniqueIdentifier>{654a2ae5-2b6a-44c3-a20c-487b4bd80f8e}</UniqueIdentifier>
    </Filter>
    <Filter Include="Header Files\Commands">
      <UniqueIdentifier>{2b003ea1-72fd-477e-a1ea-ad8e8761fec6}</UniqueIdentifier>
    </Filter>
    <Filter Include="Source Files\Commands">
      <UniqueIdentifier>{2b1b1fb6-fcb8-4968-98a8-ec80d467644e}</UniqueIdentifier>
    </Filter>
    <Filter Include="Source Files\LightSetup">
      <UniqueIdentifier>{72e36e4c-fc9c-4c2e-97dd-b41f19d20cab}</UniqueIdentifier>
    </Filter>
    <Filter Include="Header Files\LightSetup">
      <UniqueIdentifier>{487ef4dc-d7db-4d83-9140-b470232c395b}</UniqueIdentifier>
    </Filter>
    <Filter Include="Header Files\LightSetup\FixtureTypes">
      <UniqueIdentifier>{c57d3fba-1461-4171-b1e7-14f8e6d97683}</UniqueIdentifier>
    </Filter>
    <Filter Include="Source Files\LightSetup\FixtureTypes">
      <UniqueIdentifier>{296269b4-1c3a-4f7e-9f09-4f4956005203}</UniqueIdentifier>
    </Filter>
    <Filter Include="Header Files\ArduinoStubs">
      <UniqueIdentifier>{1812ecb2-21f7-444a-8168-d5375186b9d8}</UniqueIdentifier>
    </Filter>
    <Filter Include="Source Files\ArduinoStubs">
      <UniqueIdentifier>{e81dd199-589c-4e45-95f9-d5674f714e80}</UniqueIdentifier>
    </Filter>
  </ItemGroup>
  <ItemGroup>
    <ClInclude Include="StringUtils.h">
      <Filter>Header Files\Utilities</Filter>
    </ClInclude>
    <ClInclude Include="CharUtils.h">
      <Filter>Header Files\Utilities</Filter>
    </ClInclude>
    <ClInclude Include="Fixture.h">
      <Filter>Header Files\LightSetup</Filter>
    </ClInclude>
    <ClInclude Include="Irgbw.h">
      <Filter>Header Files\LightSetup</Filter>
    </ClInclude>
    <ClInclude Include="LightSetup.h">
      <Filter>Header Files\LightSetup</Filter>
    </ClInclude>
    <ClInclude Include="Strobo.h">
      <Filter>Header Files\LightSetup</Filter>
    </ClInclude>
    <ClInclude Include="ClassNames.h">
      <Filter>Header Files\Framework</Filter>
    </ClInclude>
    <ClInclude Include="PresetCommand.h">
      <Filter>Header Files\Commands</Filter>
    </ClInclude>
    <ClInclude Include="BitsUtils.h">
      <Filter>Header Files\Utilities</Filter>
    </ClInclude>
    <ClInclude Include="Resource.h">
      <Filter>Header Files\Win32</Filter>
    </ClInclude>
    <ClInclude Include="framework.h">
      <Filter>Header Files\Win32</Filter>
    </ClInclude>
    <ClInclude Include="DmxLightShow.h">
      <Filter>Header Files\Win32</Filter>
    </ClInclude>
    <ClInclude Include="MathUtils.h">
      <Filter>Header Files\Utilities</Filter>
    </ClInclude>
    <ClInclude Include="MestraTypes.h">
      <Filter>Header Files\Framework</Filter>
    </ClInclude>
    <ClInclude Include="WinFixture.h">
      <Filter>Header Files\Win32</Filter>
    </ClInclude>
    <ClInclude Include="WinPar.h">
      <Filter>Header Files\Win32</Filter>
    </ClInclude>
    <ClInclude Include="WinLightSetup.h">
      <Filter>Header Files\Win32</Filter>
    </ClInclude>
    <ClInclude Include="McuFixture.h">
      <Filter>Header Files\LightSetup</Filter>
    </ClInclude>
    <ClInclude Include="McuLightSetup.h">
      <Filter>Header Files\LightSetup</Filter>
    </ClInclude>
    <ClInclude Include="McuPar.h">
      <Filter>Header Files\LightSetup</Filter>
    </ClInclude>
    <ClInclude Include="ChinesePar.h">
      <Filter>Header Files\LightSetup\FixtureTypes</Filter>
    </ClInclude>
    <ClInclude Include="Par.h">
      <Filter>Header Files\LightSetup\FixtureTypes</Filter>
    </ClInclude>
    <ClInclude Include="ProgramExecuter.h">
      <Filter>Header Files\LightSetup</Filter>
    </ClInclude>
    <ClInclude Include="LedBarSegment.h">
      <Filter>Header Files\LightSetup\FixtureTypes</Filter>
    </ClInclude>
    <ClInclude Include="PlatformFixture.h">
      <Filter>Header Files\LightSetup</Filter>
    </ClInclude>
    <ClInclude Include="PlatformLightSetup.h">
      <Filter>Header Files\LightSetup</Filter>
    </ClInclude>
    <ClInclude Include="PlatformPar.h">
      <Filter>Header Files\LightSetup</Filter>
    </ClInclude>
    <ClInclude Include="AsciiCommandParser.h">
      <Filter>Header Files\Win32</Filter>
    </ClInclude>
    <ClInclude Include="Command.h">
      <Filter>Header Files\Commands</Filter>
    </ClInclude>
    <ClInclude Include="CommandParser.h">
      <Filter>Header Files\Commands</Filter>
    </ClInclude>
    <ClInclude Include="CommandBuffer.h">
      <Filter>Header Files\Win32</Filter>
    </ClInclude>
    <ClInclude Include="AssertUtils.h">
      <Filter>Header Files\Utilities</Filter>
    </ClInclude>
    <ClInclude Include="SpiRAMStub.h">
      <Filter>Header Files\ArduinoStubs</Filter>
    </ClInclude>
    <ClInclude Include="ArduinoStub.h">
      <Filter>Header Files\ArduinoStubs</Filter>
    </ClInclude>
    <ClInclude Include="DmxSimpleStub.h">
      <Filter>Header Files\ArduinoStubs</Filter>
    </ClInclude>
    <ClInclude Include="SerialStub.h">
      <Filter>Header Files\ArduinoStubs</Filter>
    </ClInclude>
    <ClInclude Include="ArduinoDmxLightShow.h">
      <Filter>Header Files</Filter>
    </ClInclude>
    <ClInclude Include="ParGroups.h">
      <Filter>Header Files\LightSetup</Filter>
    </ClInclude>
    <ClInclude Include="PackedCommand.h">
      <Filter>Header Files\Commands</Filter>
    </ClInclude>
  </ItemGroup>
  <ItemGroup>
    <ResourceCompile Include="DmxLightShow.rc">
      <Filter>Resource Files</Filter>
    </ResourceCompile>
  </ItemGroup>
  <ItemGroup>
    <Image Include="small.ico">
      <Filter>Resource Files</Filter>
    </Image>
    <Image Include="DmxLightShow.ico">
      <Filter>Resource Files</Filter>
    </Image>
  </ItemGroup>
  <ItemGroup>
    <ClCompile Include="StringUtils.cpp">
      <Filter>Source Files\Utilities</Filter>
    </ClCompile>
    <ClCompile Include="CharUtils.cpp">
      <Filter>Source Files\Utilities</Filter>
    </ClCompile>
    <ClCompile Include="Fixture.cpp">
      <Filter>Source Files\LightSetup</Filter>
    </ClCompile>
    <ClCompile Include="Irgbw.cpp">
      <Filter>Source Files\LightSetup</Filter>
    </ClCompile>
    <ClCompile Include="LightSetup.cpp">
      <Filter>Source Files\LightSetup</Filter>
    </ClCompile>
    <ClCompile Include="Strobo.cpp">
      <Filter>Source Files\LightSetup</Filter>
    </ClCompile>
    <ClCompile Include="PresetCommand.cpp">
      <Filter>Source Files\Commands</Filter>
    </ClCompile>
    <ClCompile Include="BitsUtils.cpp">
      <Filter>Source Files\Utilities</Filter>
    </ClCompile>
    <ClCompile Include="Window.cpp">
      <Filter>Source Files\WIN32</Filter>
    </ClCompile>
    <ClCompile Include="MathUtils.cpp">
      <Filter>Source Files\Utilities</Filter>
    </ClCompile>
    <ClCompile Include="WinFixture.cpp">
      <Filter>Source Files\WIN32</Filter>
    </ClCompile>
    <ClCompile Include="WinPar.cpp">
      <Filter>Source Files\WIN32</Filter>
    </ClCompile>
    <ClCompile Include="WinLightSetup.cpp">
      <Filter>Source Files\WIN32</Filter>
    </ClCompile>
    <ClCompile Include="McuFixture.cpp">
      <Filter>Source Files\LightSetup</Filter>
    </ClCompile>
    <ClCompile Include="McuLightSetup.cpp">
      <Filter>Source Files\LightSetup</Filter>
    </ClCompile>
    <ClCompile Include="McuPar.cpp">
      <Filter>Source Files\LightSetup</Filter>
    </ClCompile>
    <ClCompile Include="ChinesePar.cpp">
      <Filter>Source Files\LightSetup\FixtureTypes</Filter>
    </ClCompile>
    <ClCompile Include="Par.cpp">
      <Filter>Source Files\LightSetup\FixtureTypes</Filter>
    </ClCompile>
    <ClCompile Include="ProgramExecuter.cpp">
      <Filter>Source Files\LightSetup</Filter>
    </ClCompile>
    <ClCompile Include="LedBarSegment.cpp">
      <Filter>Source Files\LightSetup\FixtureTypes</Filter>
    </ClCompile>
    <ClCompile Include="PlatformFixture.cpp">
      <Filter>Source Files\LightSetup</Filter>
    </ClCompile>
    <ClCompile Include="PlatformLightSetup.cpp">
      <Filter>Source Files\LightSetup</Filter>
    </ClCompile>
    <ClCompile Include="PlatformPar.cpp">
      <Filter>Source Files\LightSetup</Filter>
    </ClCompile>
    <ClCompile Include="AsciiCommandParser.cpp">
      <Filter>Source Files\WIN32</Filter>
    </ClCompile>
    <ClCompile Include="Command.cpp">
      <Filter>Source Files\Commands</Filter>
    </ClCompile>
    <ClCompile Include="CommandParser.cpp">
      <Filter>Source Files\Commands</Filter>
    </ClCompile>
    <ClCompile Include="AssertUtils.cpp">
      <Filter>Source Files\Utilities</Filter>
    </ClCompile>
    <ClCompile Include="SpiRAMStub.cpp">
      <Filter>Source Files\ArduinoStubs</Filter>
    </ClCompile>
    <ClCompile Include="SerialStub.cpp">
      <Filter>Source Files\ArduinoStubs</Filter>
    </ClCompile>
    <ClCompile Include="DmxSimpleStub.cpp">
      <Filter>Source Files\ArduinoStubs</Filter>
    </ClCompile>
    <ClCompile Include="ArduinoStub.cpp">
      <Filter>Source Files\ArduinoStubs</Filter>
    </ClCompile>
    <ClCompile Include="ArduinoDmxLightShow.cpp">
      <Filter>Source Files</Filter>
    </ClCompile>
    <ClCompile Include="ParGroups.cpp">
      <Filter>Source Files\LightSetup</Filter>
    </ClCompile>
    <ClCompile Include="PackedCommand.cpp">
      <Filter>Source Files\Commands</Filter>
    </ClCompile>
    <ClCompile Include="CommandBuffer.cpp">
      <Filter>Source Files\WIN32</Filter>
    </ClCompile>
  </ItemGroup>
  <ItemGroup>
    <None Include="DmxLightShow.ino">
      <Filter>Source Files</Filter>
    </None>
    <None Include="..\Documentation.docx" />
    <None Include="..\Documentation\Mestra.eap" />
    <None Include="..\Documentation\Mestra.xlsx" />
  </ItemGroup>
  <ItemGroup>
    <Text Include="..\Tables.txt" />
  </ItemGroup>
</Project>