
Microsoft Visual Studio Solution File, Format Version 12.00
# Visual Studio 14
VisualStudioVersion = 14.0.25420.1
MinimumVisualStudioVersion = 10.0.40219.1
Project("{8BC9CEB8-8B4A-11D0-8D11-00A0C91BC942}") = "UnitTestCombContr", "UnitTest1\UnitTest1.vcxproj", "{28390A69-834F-4DFB-AB61-44330C7722D1}"
EndProject
Project("{FAE04EC0-301F-11D3-BF4B-00C04F79EFBC}") = "MestraApp", "MestraApp\MestraApp.csproj", "{ABC7BE3A-592F-455E-8572-FDA8A1265532}"
EndProject
Project("{FAE04EC0-301F-11D3-BF4B-00C04F79EFBC}") = "MestraAppTests", "MestraAppTests\MestraAppTests.csproj", "{C4E2B5C3-85AD-41A1-8E64-849B83CD3E49}"
	ProjectSection(ProjectDependencies) = postProject
		{0DFA682F-BAEC-4B08-B2D0-C5954361328D} = {0DFA682F-BAEC-4B08-B2D0-C5954361328D}
	EndProjectSection
EndProject
Project("{FAE04EC0-301F-11D3-BF4B-00C04F79EFBC}") = "MestraGenericCSharp", "MestraGeneric\MestraGenericCSharp.csproj", "{D690B0D7-6C65-4FF4-B1C5-05E69A0C681D}"
EndProject
Project("{8BC9CEB8-8B4A-11D0-8D11-00A0C91BC942}") = "MestraGeneric", "MestraGeneric\MestraGeneric.vcxproj", "{0DFA682F-BAEC-4B08-B2D0-C5954361328D}"
EndProject
Global
	GlobalSection(SolutionConfigurationPlatforms) = preSolution
		Debug|Any CPU = Debug|Any CPU
		Debug|ARM = Debug|ARM
		Debug|x64 = Debug|x64
		Debug|x86 = Debug|x86
		Release|Any CPU = Release|Any CPU
		Release|ARM = Release|ARM
		Release|x64 = Release|x64
		Release|x86 = Release|x86
	EndGlobalSection
	GlobalSection(ProjectConfigurationPlatforms) = postSolution
		{28390A69-834F-4DFB-AB61-44330C7722D1}.Debug|Any CPU.ActiveCfg = Debug|Win32
		{28390A69-834F-4DFB-AB61-44330C7722D1}.Debug|ARM.ActiveCfg = Debug|Win32
		{28390A69-834F-4DFB-AB61-44330C7722D1}.Debug|x64.ActiveCfg = Debug|x64
		{28390A69-834F-4DFB-AB61-44330C7722D1}.Debug|x64.Build.0 = Debug|x64
		{28390A69-834F-4DFB-AB61-44330C7722D1}.Debug|x86.ActiveCfg = Debug|Win32
		{28390A69-834F-4DFB-AB61-44330C7722D1}.Debug|x86.Build.0 = Debug|Win32
		{28390A69-834F-4DFB-AB61-44330C7722D1}.Release|Any CPU.ActiveCfg = Release|Win32
		{28390A69-834F-4DFB-AB61-44330C7722D1}.Release|ARM.ActiveCfg = Release|Win32
		{28390A69-834F-4DFB-AB61-44330C7722D1}.Release|x64.ActiveCfg = Release|x64
		{28390A69-834F-4DFB-AB61-44330C7722D1}.Release|x64.Build.0 = Release|x64
		{28390A69-834F-4DFB-AB61-44330C7722D1}.Release|x86.ActiveCfg = Release|Win32
		{28390A69-834F-4DFB-AB61-44330C7722D1}.Release|x86.Build.0 = Release|Win32
		{ABC7BE3A-592F-455E-8572-FDA8A1265532}.Debug|Any CPU.ActiveCfg = Debug|Any CPU
		{ABC7BE3A-592F-455E-8572-FDA8A1265532}.Debug|Any CPU.Build.0 = Debug|Any CPU
		{ABC7BE3A-592F-455E-8572-FDA8A1265532}.Debug|ARM.ActiveCfg = Debug|Any CPU
		{ABC7BE3A-592F-455E-8572-FDA8A1265532}.Debug|ARM.Build.0 = Debug|Any CPU
		{ABC7BE3A-592F-455E-8572-FDA8A1265532}.Debug|x64.ActiveCfg = Debug|Any CPU
		{ABC7BE3A-592F-455E-8572-FDA8A1265532}.Debug|x64.Build.0 = Debug|Any CPU
		{ABC7BE3A-592F-455E-8572-FDA8A1265532}.Debug|x86.ActiveCfg = Debug|Any CPU
		{ABC7BE3A-592F-455E-8572-FDA8A1265532}.Debug|x86.Build.0 = Debug|Any CPU
		{ABC7BE3A-592F-455E-8572-FDA8A1265532}.Release|Any CPU.ActiveCfg = Release|Any CPU
		{ABC7BE3A-592F-455E-8572-FDA8A1265532}.Release|Any CPU.Build.0 = Release|Any CPU
		{ABC7BE3A-592F-455E-8572-FDA8A1265532}.Release|ARM.ActiveCfg = Release|Any CPU
		{ABC7BE3A-592F-455E-8572-FDA8A1265532}.Release|ARM.Build.0 = Release|Any CPU
		{ABC7BE3A-592F-455E-8572-FDA8A1265532}.Release|x64.ActiveCfg = Release|Any CPU
		{ABC7BE3A-592F-455E-8572-FDA8A1265532}.Release|x64.Build.0 = Release|Any CPU
		{ABC7BE3A-592F-455E-8572-FDA8A1265532}.Release|x86.ActiveCfg = Release|Any CPU
		{ABC7BE3A-592F-455E-8572-FDA8A1265532}.Release|x86.Build.0 = Release|Any CPU
		{C4E2B5C3-85AD-41A1-8E64-849B83CD3E49}.Debug|Any CPU.ActiveCfg = Debug|Any CPU
		{C4E2B5C3-85AD-41A1-8E64-849B83CD3E49}.Debug|Any CPU.Build.0 = Debug|Any CPU
		{C4E2B5C3-85AD-41A1-8E64-849B83CD3E49}.Debug|ARM.ActiveCfg = Debug|Any CPU
		{C4E2B5C3-85AD-41A1-8E64-849B83CD3E49}.Debug|ARM.Build.0 = Debug|Any CPU
		{C4E2B5C3-85AD-41A1-8E64-849B83CD3E49}.Debug|x64.ActiveCfg = Debug|Any CPU
		{C4E2B5C3-85AD-41A1-8E64-849B83CD3E49}.Debug|x64.Build.0 = Debug|Any CPU
		{C4E2B5C3-85AD-41A1-8E64-849B83CD3E49}.Debug|x86.ActiveCfg = Debug|Any CPU
		{C4E2B5C3-85AD-41A1-8E64-849B83CD3E49}.Debug|x86.Build.0 = Debug|Any CPU
		{C4E2B5C3-85AD-41A1-8E64-849B83CD3E49}.Release|Any CPU.ActiveCfg = Release|Any CPU
		{C4E2B5C3-85AD-41A1-8E64-849B83CD3E49}.Release|Any CPU.Build.0 = Release|Any CPU
		{C4E2B5C3-85AD-41A1-8E64-849B83CD3E49}.Release|ARM.ActiveCfg = Release|Any CPU
		{C4E2B5C3-85AD-41A1-8E64-849B83CD3E49}.Release|ARM.Build.0 = Release|Any CPU
		{C4E2B5C3-85AD-41A1-8E64-849B83CD3E49}.Release|x64.ActiveCfg = Release|Any CPU
		{C4E2B5C3-85AD-41A1-8E64-849B83CD3E49}.Release|x64.Build.0 = Release|Any CPU
		{C4E2B5C3-85AD-41A1-8E64-849B83CD3E49}.Release|x86.ActiveCfg = Release|Any CPU
		{C4E2B5C3-85AD-41A1-8E64-849B83CD3E49}.Release|x86.Build.0 = Release|Any CPU
		{D690B0D7-6C65-4FF4-B1C5-05E69A0C681D}.Debug|Any CPU.ActiveCfg = Debug|Any CPU
		{D690B0D7-6C65-4FF4-B1C5-05E69A0C681D}.Debug|Any CPU.Build.0 = Debug|Any CPU
		{D690B0D7-6C65-4FF4-B1C5-05E69A0C681D}.Debug|ARM.ActiveCfg = Debug|Any CPU
		{D690B0D7-6C65-4FF4-B1C5-05E69A0C681D}.Debug|ARM.Build.0 = Debug|Any CPU
		{D690B0D7-6C65-4FF4-B1C5-05E69A0C681D}.Debug|x64.ActiveCfg = Debug|Any CPU
		{D690B0D7-6C65-4FF4-B1C5-05E69A0C681D}.Debug|x64.Build.0 = Debug|Any CPU
		{D690B0D7-6C65-4FF4-B1C5-05E69A0C681D}.Debug|x86.ActiveCfg = Debug|Any CPU
		{D690B0D7-6C65-4FF4-B1C5-05E69A0C681D}.Debug|x86.Build.0 = Debug|Any CPU
		{D690B0D7-6C65-4FF4-B1C5-05E69A0C681D}.Release|Any CPU.ActiveCfg = Release|Any CPU
		{D690B0D7-6C65-4FF4-B1C5-05E69A0C681D}.Release|Any CPU.Build.0 = Release|Any CPU
		{D690B0D7-6C65-4FF4-B1C5-05E69A0C681D}.Release|ARM.ActiveCfg = Release|Any CPU
		{D690B0D7-6C65-4FF4-B1C5-05E69A0C681D}.Release|ARM.Build.0 = Release|Any CPU
		{D690B0D7-6C65-4FF4-B1C5-05E69A0C681D}.Release|x64.ActiveCfg = Release|Any CPU
		{D690B0D7-6C65-4FF4-B1C5-05E69A0C681D}.Release|x64.Build.0 = Release|Any CPU
		{D690B0D7-6C65-4FF4-B1C5-05E69A0C681D}.Release|x86.ActiveCfg = Release|Any CPU
		{D690B0D7-6C65-4FF4-B1C5-05E69A0C681D}.Release|x86.Build.0 = Release|Any CPU
		{0DFA682F-BAEC-4B08-B2D0-C5954361328D}.Debug|Any CPU.ActiveCfg = Debug|Win32
		{0DFA682F-BAEC-4B08-B2D0-C5954361328D}.Debug|ARM.ActiveCfg = Debug|Win32
		{0DFA682F-BAEC-4B08-B2D0-C5954361328D}.Debug|x64.ActiveCfg = Debug|x64
		{0DFA682F-BAEC-4B08-B2D0-C5954361328D}.Debug|x64.Build.0 = Debug|x64
		{0DFA682F-BAEC-4B08-B2D0-C5954361328D}.Debug|x86.ActiveCfg = Debug|Win32
		{0DFA682F-BAEC-4B08-B2D0-C5954361328D}.Debug|x86.Build.0 = Debug|Win32
		{0DFA682F-BAEC-4B08-B2D0-C5954361328D}.Release|Any CPU.ActiveCfg = Release|Win32
		{0DFA682F-BAEC-4B08-B2D0-C5954361328D}.Release|ARM.ActiveCfg = Release|Win32
		{0DFA682F-BAEC-4B08-B2D0-C5954361328D}.Release|x64.ActiveCfg = Release|x64
		{0DFA682F-BAEC-4B08-B2D0-C5954361328D}.Release|x64.Build.0 = Release|x64
		{0DFA682F-BAEC-4B08-B2D0-C5954361328D}.Release|x86.ActiveCfg = Release|Win32
		{0DFA682F-BAEC-4B08-B2D0-C5954361328D}.Release|x86.Build.0 = Release|Win32
	EndGlobalSection
	GlobalSection(SolutionProperties) = preSolution
		HideSolutionNode = FALSE
	EndGlobalSection
EndGlobal
